
Microsoft Visual Studio Solution File, Format Version 12.00
# Visual Studio Version 16
VisualStudioVersion = 16.0.32106.194
MinimumVisualStudioVersion = 10.0.40219.1
Project("{FAE04EC0-301F-11D3-BF4B-00C04F79EFBC}") = "Odev2", "Odev2\Odev2.csproj", "{EB2547D5-0F6F-4B68-BD9C-FB983250424B}"
EndProject
Global
	GlobalSection(SolutionConfigurationPlatforms) = preSolution
		Debug|Any CPU = Debug|Any CPU
		Release|Any CPU = Release|Any CPU
	EndGlobalSection
	GlobalSection(ProjectConfigurationPlatforms) = postSolution
		{EB2547D5-0F6F-4B68-BD9C-FB983250424B}.Debug|Any CPU.ActiveCfg = Debug|Any CPU
		{EB2547D5-0F6F-4B68-BD9C-FB983250424B}.Debug|Any CPU.Build.0 = Debug|Any CPU
		{EB2547D5-0F6F-4B68-BD9C-FB983250424B}.Release|Any CPU.ActiveCfg = Release|Any CPU
		{EB2547D5-0F6F-4B68-BD9C-FB983250424B}.Release|Any CPU.Build.0 = Release|Any CPU
	EndGlobalSection
	GlobalSection(SolutionProperties) = preSolution
		HideSolutionNode = FALSE
	EndGlobalSection
	GlobalSection(ExtensibilityGlobals) = postSolution
		SolutionGuid = {12CADF85-0400-46FC-82A1-4B694527669B}
	EndGlobalSection
EndGlobal
