
Microsoft Visual Studio Solution File, Format Version 12.00
# Visual Studio Version 16
VisualStudioVersion = 16.0.32106.194
MinimumVisualStudioVersion = 10.0.40219.1
Project("{FAE04EC0-301F-11D3-BF4B-00C04F79EFBC}") = "MethodOverloading", "MethodOverloading\MethodOverloading.csproj", "{3A5DF5B5-61BC-4EFA-BB76-927A87E21ECB}"
EndProject
Global
	GlobalSection(SolutionConfigurationPlatforms) = preSolution
		Debug|Any CPU = Debug|Any CPU
		Release|Any CPU = Release|Any CPU
	EndGlobalSection
	GlobalSection(ProjectConfigurationPlatforms) = postSolution
		{3A5DF5B5-61BC-4EFA-BB76-927A87E21ECB}.Debug|Any CPU.ActiveCfg = Debug|Any CPU
		{3A5DF5B5-61BC-4EFA-BB76-927A87E21ECB}.Debug|Any CPU.Build.0 = Debug|Any CPU
		{3A5DF5B5-61BC-4EFA-BB76-927A87E21ECB}.Release|Any CPU.ActiveCfg = Release|Any CPU
		{3A5DF5B5-61BC-4EFA-BB76-927A87E21ECB}.Release|Any CPU.Build.0 = Release|Any CPU
	EndGlobalSection
	GlobalSection(SolutionProperties) = preSolution
		HideSolutionNode = FALSE
	EndGlobalSection
	GlobalSection(ExtensibilityGlobals) = postSolution
		SolutionGuid = {9BC12242-C6DC-4A0B-8951-019BCA331A5F}
	EndGlobalSection
EndGlobal
