
Microsoft Visual Studio Solution File, Format Version 12.00
# Visual Studio Version 16
VisualStudioVersion = 16.0.32407.337
MinimumVisualStudioVersion = 10.0.40219.1
Project("{FAE04EC0-301F-11D3-BF4B-00C04F79EFBC}") = "APIClient", "APIClient\APIClient.csproj", "{E71C3382-D0A0-4837-8C26-B66B85B64BF8}"
EndProject
Global
	GlobalSection(SolutionConfigurationPlatforms) = preSolution
		Debug|Any CPU = Debug|Any CPU
		Release|Any CPU = Release|Any CPU
	EndGlobalSection
	GlobalSection(ProjectConfigurationPlatforms) = postSolution
		{E71C3382-D0A0-4837-8C26-B66B85B64BF8}.Debug|Any CPU.ActiveCfg = Debug|Any CPU
		{E71C3382-D0A0-4837-8C26-B66B85B64BF8}.Debug|Any CPU.Build.0 = Debug|Any CPU
		{E71C3382-D0A0-4837-8C26-B66B85B64BF8}.Release|Any CPU.ActiveCfg = Release|Any CPU
		{E71C3382-D0A0-4837-8C26-B66B85B64BF8}.Release|Any CPU.Build.0 = Release|Any CPU
	EndGlobalSection
	GlobalSection(SolutionProperties) = preSolution
		HideSolutionNode = FALSE
	EndGlobalSection
	GlobalSection(ExtensibilityGlobals) = postSolution
		SolutionGuid = {304E962E-9EF5-4DA5-9CCF-039B44637C95}
	EndGlobalSection
EndGlobal
