
Microsoft Visual Studio Solution File, Format Version 12.00
# Visual Studio Version 16
VisualStudioVersion = 16.0.32407.337
MinimumVisualStudioVersion = 10.0.40219.1
Project("{FAE04EC0-301F-11D3-BF4B-00C04F79EFBC}") = "APIClient2", "APIClient2\APIClient2.csproj", "{CFC4F52A-FD02-4ACC-A289-1C4FA7D7A01A}"
EndProject
Global
	GlobalSection(SolutionConfigurationPlatforms) = preSolution
		Debug|Any CPU = Debug|Any CPU
		Release|Any CPU = Release|Any CPU
	EndGlobalSection
	GlobalSection(ProjectConfigurationPlatforms) = postSolution
		{CFC4F52A-FD02-4ACC-A289-1C4FA7D7A01A}.Debug|Any CPU.ActiveCfg = Debug|Any CPU
		{CFC4F52A-FD02-4ACC-A289-1C4FA7D7A01A}.Debug|Any CPU.Build.0 = Debug|Any CPU
		{CFC4F52A-FD02-4ACC-A289-1C4FA7D7A01A}.Release|Any CPU.ActiveCfg = Release|Any CPU
		{CFC4F52A-FD02-4ACC-A289-1C4FA7D7A01A}.Release|Any CPU.Build.0 = Release|Any CPU
	EndGlobalSection
	GlobalSection(SolutionProperties) = preSolution
		HideSolutionNode = FALSE
	EndGlobalSection
	GlobalSection(ExtensibilityGlobals) = postSolution
		SolutionGuid = {E5D40802-153C-4FB1-9442-B959AAD5E98E}
	EndGlobalSection
EndGlobal
