
Microsoft Visual Studio Solution File, Format Version 12.00
# Visual Studio Version 16
VisualStudioVersion = 16.0.32106.194
MinimumVisualStudioVersion = 10.0.40219.1
Project("{FAE04EC0-301F-11D3-BF4B-00C04F79EFBC}") = "introCSharp", "introCSharp\introCSharp.csproj", "{71F3A599-8231-4641-9141-5EB7D837AABD}"
EndProject
Project("{FAE04EC0-301F-11D3-BF4B-00C04F79EFBC}") = "OperatorsAndCheck", "OperatorsAndCheck\OperatorsAndCheck.csproj", "{DE779D01-AAE8-4EBE-BC98-54DF69EFBDC0}"
EndProject
Project("{FAE04EC0-301F-11D3-BF4B-00C04F79EFBC}") = "Odev1", "Odev1\Odev1.csproj", "{CF0BE356-2161-4138-974E-280EB7749686}"
EndProject
Project("{FAE04EC0-301F-11D3-BF4B-00C04F79EFBC}") = "AndOrCondition", "AndOrCondition\AndOrCondition.csproj", "{B37252DC-90C3-4637-836D-3D9E4A6D4DDC}"
EndProject
Global
	GlobalSection(SolutionConfigurationPlatforms) = preSolution
		Debug|Any CPU = Debug|Any CPU
		Release|Any CPU = Release|Any CPU
	EndGlobalSection
	GlobalSection(ProjectConfigurationPlatforms) = postSolution
		{71F3A599-8231-4641-9141-5EB7D837AABD}.Debug|Any CPU.ActiveCfg = Debug|Any CPU
		{71F3A599-8231-4641-9141-5EB7D837AABD}.Debug|Any CPU.Build.0 = Debug|Any CPU
		{71F3A599-8231-4641-9141-5EB7D837AABD}.Release|Any CPU.ActiveCfg = Release|Any CPU
		{71F3A599-8231-4641-9141-5EB7D837AABD}.Release|Any CPU.Build.0 = Release|Any CPU
		{DE779D01-AAE8-4EBE-BC98-54DF69EFBDC0}.Debug|Any CPU.ActiveCfg = Debug|Any CPU
		{DE779D01-AAE8-4EBE-BC98-54DF69EFBDC0}.Debug|Any CPU.Build.0 = Debug|Any CPU
		{DE779D01-AAE8-4EBE-BC98-54DF69EFBDC0}.Release|Any CPU.ActiveCfg = Release|Any CPU
		{DE779D01-AAE8-4EBE-BC98-54DF69EFBDC0}.Release|Any CPU.Build.0 = Release|Any CPU
		{CF0BE356-2161-4138-974E-280EB7749686}.Debug|Any CPU.ActiveCfg = Debug|Any CPU
		{CF0BE356-2161-4138-974E-280EB7749686}.Debug|Any CPU.Build.0 = Debug|Any CPU
		{CF0BE356-2161-4138-974E-280EB7749686}.Release|Any CPU.ActiveCfg = Release|Any CPU
		{CF0BE356-2161-4138-974E-280EB7749686}.Release|Any CPU.Build.0 = Release|Any CPU
		{B37252DC-90C3-4637-836D-3D9E4A6D4DDC}.Debug|Any CPU.ActiveCfg = Debug|Any CPU
		{B37252DC-90C3-4637-836D-3D9E4A6D4DDC}.Debug|Any CPU.Build.0 = Debug|Any CPU
		{B37252DC-90C3-4637-836D-3D9E4A6D4DDC}.Release|Any CPU.ActiveCfg = Release|Any CPU
		{B37252DC-90C3-4637-836D-3D9E4A6D4DDC}.Release|Any CPU.Build.0 = Release|Any CPU
	EndGlobalSection
	GlobalSection(SolutionProperties) = preSolution
		HideSolutionNode = FALSE
	EndGlobalSection
	GlobalSection(ExtensibilityGlobals) = postSolution
		SolutionGuid = {6B6BD0E1-276A-42CD-9E0E-0E34D1381257}
	EndGlobalSection
EndGlobal
