
Microsoft Visual Studio Solution File, Format Version 12.00
# Visual Studio Version 16
VisualStudioVersion = 16.0.32106.194
MinimumVisualStudioVersion = 10.0.40219.1
Project("{FAE04EC0-301F-11D3-BF4B-00C04F79EFBC}") = "OperatorsAndCheck", "OperatorsAndCheck\OperatorsAndCheck.csproj", "{C4355007-F969-4F4E-8F20-6694277284DF}"
EndProject
Global
	GlobalSection(SolutionConfigurationPlatforms) = preSolution
		Debug|Any CPU = Debug|Any CPU
		Release|Any CPU = Release|Any CPU
	EndGlobalSection
	GlobalSection(ProjectConfigurationPlatforms) = postSolution
		{C4355007-F969-4F4E-8F20-6694277284DF}.Debug|Any CPU.ActiveCfg = Debug|Any CPU
		{C4355007-F969-4F4E-8F20-6694277284DF}.Debug|Any CPU.Build.0 = Debug|Any CPU
		{C4355007-F969-4F4E-8F20-6694277284DF}.Release|Any CPU.ActiveCfg = Release|Any CPU
		{C4355007-F969-4F4E-8F20-6694277284DF}.Release|Any CPU.Build.0 = Release|Any CPU
	EndGlobalSection
	GlobalSection(SolutionProperties) = preSolution
		HideSolutionNode = FALSE
	EndGlobalSection
	GlobalSection(ExtensibilityGlobals) = postSolution
		SolutionGuid = {47D699CA-49C6-490B-A207-CC587C6AF160}
	EndGlobalSection
EndGlobal
