
Microsoft Visual Studio Solution File, Format Version 12.00
# Visual Studio Version 16
VisualStudioVersion = 16.0.32106.194
MinimumVisualStudioVersion = 10.0.40219.1
Project("{FAE04EC0-301F-11D3-BF4B-00C04F79EFBC}") = "LooselyCoupling", "LooselyCoupling\LooselyCoupling.csproj", "{B3E40DFE-091F-4EE9-808D-82816EB8AB5E}"
EndProject
Global
	GlobalSection(SolutionConfigurationPlatforms) = preSolution
		Debug|Any CPU = Debug|Any CPU
		Release|Any CPU = Release|Any CPU
	EndGlobalSection
	GlobalSection(ProjectConfigurationPlatforms) = postSolution
		{B3E40DFE-091F-4EE9-808D-82816EB8AB5E}.Debug|Any CPU.ActiveCfg = Debug|Any CPU
		{B3E40DFE-091F-4EE9-808D-82816EB8AB5E}.Debug|Any CPU.Build.0 = Debug|Any CPU
		{B3E40DFE-091F-4EE9-808D-82816EB8AB5E}.Release|Any CPU.ActiveCfg = Release|Any CPU
		{B3E40DFE-091F-4EE9-808D-82816EB8AB5E}.Release|Any CPU.Build.0 = Release|Any CPU
	EndGlobalSection
	GlobalSection(SolutionProperties) = preSolution
		HideSolutionNode = FALSE
	EndGlobalSection
	GlobalSection(ExtensibilityGlobals) = postSolution
		SolutionGuid = {6962143E-6C1C-4ADC-8570-6DF684D63D0F}
	EndGlobalSection
EndGlobal
