
Microsoft Visual Studio Solution File, Format Version 12.00
# Visual Studio Version 16
VisualStudioVersion = 16.0.32106.194
MinimumVisualStudioVersion = 10.0.40219.1
Project("{FAE04EC0-301F-11D3-BF4B-00C04F79EFBC}") = "usingLinq", "usingLinq\usingLinq.csproj", "{8F35A968-DFC6-43A9-A67B-146589822DB9}"
EndProject
Global
	GlobalSection(SolutionConfigurationPlatforms) = preSolution
		Debug|Any CPU = Debug|Any CPU
		Release|Any CPU = Release|Any CPU
	EndGlobalSection
	GlobalSection(ProjectConfigurationPlatforms) = postSolution
		{8F35A968-DFC6-43A9-A67B-146589822DB9}.Debug|Any CPU.ActiveCfg = Debug|Any CPU
		{8F35A968-DFC6-43A9-A67B-146589822DB9}.Debug|Any CPU.Build.0 = Debug|Any CPU
		{8F35A968-DFC6-43A9-A67B-146589822DB9}.Release|Any CPU.ActiveCfg = Release|Any CPU
		{8F35A968-DFC6-43A9-A67B-146589822DB9}.Release|Any CPU.Build.0 = Release|Any CPU
	EndGlobalSection
	GlobalSection(SolutionProperties) = preSolution
		HideSolutionNode = FALSE
	EndGlobalSection
	GlobalSection(ExtensibilityGlobals) = postSolution
		SolutionGuid = {42E363D6-4E6B-47F4-8DB9-9E3E83407C2F}
	EndGlobalSection
EndGlobal
