
Microsoft Visual Studio Solution File, Format Version 12.00
# Visual Studio Version 16
VisualStudioVersion = 16.0.32407.337
MinimumVisualStudioVersion = 10.0.40219.1
Project("{FAE04EC0-301F-11D3-BF4B-00C04F79EFBC}") = "introAPI5", "introAPI5\introAPI5.csproj", "{0FEE77EA-115A-4719-8ECB-C10C49E44995}"
EndProject
Global
	GlobalSection(SolutionConfigurationPlatforms) = preSolution
		Debug|Any CPU = Debug|Any CPU
		Release|Any CPU = Release|Any CPU
	EndGlobalSection
	GlobalSection(ProjectConfigurationPlatforms) = postSolution
		{0FEE77EA-115A-4719-8ECB-C10C49E44995}.Debug|Any CPU.ActiveCfg = Debug|Any CPU
		{0FEE77EA-115A-4719-8ECB-C10C49E44995}.Debug|Any CPU.Build.0 = Debug|Any CPU
		{0FEE77EA-115A-4719-8ECB-C10C49E44995}.Release|Any CPU.ActiveCfg = Release|Any CPU
		{0FEE77EA-115A-4719-8ECB-C10C49E44995}.Release|Any CPU.Build.0 = Release|Any CPU
	EndGlobalSection
	GlobalSection(SolutionProperties) = preSolution
		HideSolutionNode = FALSE
	EndGlobalSection
	GlobalSection(ExtensibilityGlobals) = postSolution
		SolutionGuid = {A2D76D89-3A43-40BF-9708-E42E14E68C20}
	EndGlobalSection
EndGlobal
