
Microsoft Visual Studio Solution File, Format Version 12.00
# Visual Studio Version 17
VisualStudioVersion = 17.1.32407.343
MinimumVisualStudioVersion = 10.0.40219.1
Project("{FAE04EC0-301F-11D3-BF4B-00C04F79EFBC}") = "Catalog.API", "Catalog.API\Catalog.API.csproj", "{6B74E577-009E-446D-B4CC-B0723898FD02}"
EndProject
Project("{FAE04EC0-301F-11D3-BF4B-00C04F79EFBC}") = "Catalog.Entities", "Catalog.Entities\Catalog.Entities.csproj", "{129AC32E-5209-4BD9-A318-BECF7A19A601}"
EndProject
Project("{FAE04EC0-301F-11D3-BF4B-00C04F79EFBC}") = "Catalog.Business", "Catalog.Business\Catalog.Business.csproj", "{D2179FC4-ADFA-48BD-A3F3-C8A7338233FE}"
EndProject
Project("{FAE04EC0-301F-11D3-BF4B-00C04F79EFBC}") = "Catalog.DataAccess", "Catalog.DataAccess\Catalog.DataAccess.csproj", "{AE8E907E-06B5-4E68-BD66-1D57495C27F2}"
EndProject
Global
	GlobalSection(SolutionConfigurationPlatforms) = preSolution
		Debug|Any CPU = Debug|Any CPU
		Release|Any CPU = Release|Any CPU
	EndGlobalSection
	GlobalSection(ProjectConfigurationPlatforms) = postSolution
		{6B74E577-009E-446D-B4CC-B0723898FD02}.Debug|Any CPU.ActiveCfg = Debug|Any CPU
		{6B74E577-009E-446D-B4CC-B0723898FD02}.Debug|Any CPU.Build.0 = Debug|Any CPU
		{6B74E577-009E-446D-B4CC-B0723898FD02}.Release|Any CPU.ActiveCfg = Release|Any CPU
		{6B74E577-009E-446D-B4CC-B0723898FD02}.Release|Any CPU.Build.0 = Release|Any CPU
		{129AC32E-5209-4BD9-A318-BECF7A19A601}.Debug|Any CPU.ActiveCfg = Debug|Any CPU
		{129AC32E-5209-4BD9-A318-BECF7A19A601}.Debug|Any CPU.Build.0 = Debug|Any CPU
		{129AC32E-5209-4BD9-A318-BECF7A19A601}.Release|Any CPU.ActiveCfg = Release|Any CPU
		{129AC32E-5209-4BD9-A318-BECF7A19A601}.Release|Any CPU.Build.0 = Release|Any CPU
		{D2179FC4-ADFA-48BD-A3F3-C8A7338233FE}.Debug|Any CPU.ActiveCfg = Debug|Any CPU
		{D2179FC4-ADFA-48BD-A3F3-C8A7338233FE}.Debug|Any CPU.Build.0 = Debug|Any CPU
		{D2179FC4-ADFA-48BD-A3F3-C8A7338233FE}.Release|Any CPU.ActiveCfg = Release|Any CPU
		{D2179FC4-ADFA-48BD-A3F3-C8A7338233FE}.Release|Any CPU.Build.0 = Release|Any CPU
		{AE8E907E-06B5-4E68-BD66-1D57495C27F2}.Debug|Any CPU.ActiveCfg = Debug|Any CPU
		{AE8E907E-06B5-4E68-BD66-1D57495C27F2}.Debug|Any CPU.Build.0 = Debug|Any CPU
		{AE8E907E-06B5-4E68-BD66-1D57495C27F2}.Release|Any CPU.ActiveCfg = Release|Any CPU
		{AE8E907E-06B5-4E68-BD66-1D57495C27F2}.Release|Any CPU.Build.0 = Release|Any CPU
	EndGlobalSection
	GlobalSection(SolutionProperties) = preSolution
		HideSolutionNode = FALSE
	EndGlobalSection
	GlobalSection(ExtensibilityGlobals) = postSolution
		SolutionGuid = {1835542F-553E-4D9F-AED4-6D9FE7C7BD06}
	EndGlobalSection
EndGlobal
