
Microsoft Visual Studio Solution File, Format Version 12.00
# Visual Studio Version 16
VisualStudioVersion = 16.0.32106.194
MinimumVisualStudioVersion = 10.0.40219.1
Project("{FAE04EC0-301F-11D3-BF4B-00C04F79EFBC}") = "MethodDetails", "MethodDetails\MethodDetails.csproj", "{898F6DBE-275A-4B63-B755-376ECA4B2D8C}"
EndProject
Global
	GlobalSection(SolutionConfigurationPlatforms) = preSolution
		Debug|Any CPU = Debug|Any CPU
		Release|Any CPU = Release|Any CPU
	EndGlobalSection
	GlobalSection(ProjectConfigurationPlatforms) = postSolution
		{898F6DBE-275A-4B63-B755-376ECA4B2D8C}.Debug|Any CPU.ActiveCfg = Debug|Any CPU
		{898F6DBE-275A-4B63-B755-376ECA4B2D8C}.Debug|Any CPU.Build.0 = Debug|Any CPU
		{898F6DBE-275A-4B63-B755-376ECA4B2D8C}.Release|Any CPU.ActiveCfg = Release|Any CPU
		{898F6DBE-275A-4B63-B755-376ECA4B2D8C}.Release|Any CPU.Build.0 = Release|Any CPU
	EndGlobalSection
	GlobalSection(SolutionProperties) = preSolution
		HideSolutionNode = FALSE
	EndGlobalSection
	GlobalSection(ExtensibilityGlobals) = postSolution
		SolutionGuid = {520AFCEB-5E99-48F9-8374-E2E3483B3361}
	EndGlobalSection
EndGlobal
