
Microsoft Visual Studio Solution File, Format Version 12.00
# Visual Studio Version 16
VisualStudioVersion = 16.0.32106.194
MinimumVisualStudioVersion = 10.0.40219.1
Project("{FAE04EC0-301F-11D3-BF4B-00C04F79EFBC}") = "Odev3_AdamAsmaca_Devam", "Odev3_AdamAsmaca_Devam\Odev3_AdamAsmaca_Devam.csproj", "{FE364F0B-FC3B-4A6A-A9FC-96F4C22C4372}"
EndProject
Global
	GlobalSection(SolutionConfigurationPlatforms) = preSolution
		Debug|Any CPU = Debug|Any CPU
		Release|Any CPU = Release|Any CPU
	EndGlobalSection
	GlobalSection(ProjectConfigurationPlatforms) = postSolution
		{FE364F0B-FC3B-4A6A-A9FC-96F4C22C4372}.Debug|Any CPU.ActiveCfg = Debug|Any CPU
		{FE364F0B-FC3B-4A6A-A9FC-96F4C22C4372}.Debug|Any CPU.Build.0 = Debug|Any CPU
		{FE364F0B-FC3B-4A6A-A9FC-96F4C22C4372}.Release|Any CPU.ActiveCfg = Release|Any CPU
		{FE364F0B-FC3B-4A6A-A9FC-96F4C22C4372}.Release|Any CPU.Build.0 = Release|Any CPU
	EndGlobalSection
	GlobalSection(SolutionProperties) = preSolution
		HideSolutionNode = FALSE
	EndGlobalSection
	GlobalSection(ExtensibilityGlobals) = postSolution
		SolutionGuid = {7075A69B-5039-466B-9968-C13969EE1049}
	EndGlobalSection
EndGlobal
