
Microsoft Visual Studio Solution File, Format Version 12.00
# Visual Studio Version 16
VisualStudioVersion = 16.0.32106.194
MinimumVisualStudioVersion = 10.0.40219.1
Project("{FAE04EC0-301F-11D3-BF4B-00C04F79EFBC}") = "usingDelegate", "usingDelegate\usingDelegate.csproj", "{5C2F66F7-9225-4988-BE12-38B6BA79D359}"
EndProject
Global
	GlobalSection(SolutionConfigurationPlatforms) = preSolution
		Debug|Any CPU = Debug|Any CPU
		Release|Any CPU = Release|Any CPU
	EndGlobalSection
	GlobalSection(ProjectConfigurationPlatforms) = postSolution
		{5C2F66F7-9225-4988-BE12-38B6BA79D359}.Debug|Any CPU.ActiveCfg = Debug|Any CPU
		{5C2F66F7-9225-4988-BE12-38B6BA79D359}.Debug|Any CPU.Build.0 = Debug|Any CPU
		{5C2F66F7-9225-4988-BE12-38B6BA79D359}.Release|Any CPU.ActiveCfg = Release|Any CPU
		{5C2F66F7-9225-4988-BE12-38B6BA79D359}.Release|Any CPU.Build.0 = Release|Any CPU
	EndGlobalSection
	GlobalSection(SolutionProperties) = preSolution
		HideSolutionNode = FALSE
	EndGlobalSection
	GlobalSection(ExtensibilityGlobals) = postSolution
		SolutionGuid = {CC9BA665-A264-47C7-8852-778F22CCE71C}
	EndGlobalSection
EndGlobal
